
Microsoft Visual Studio Solution File, Format Version 12.00
# Visual Studio 15
VisualStudioVersion = 15.0.28307.757
MinimumVisualStudioVersion = 10.0.40219.1
Project("{FAE04EC0-301F-11D3-BF4B-00C04F79EFBC}") = "FirstConsole", "FirstConsole\FirstConsole.csproj", "{712A7B67-B675-412D-9A43-A6B6986C3E3F}"
EndProject
Project("{FAE04EC0-301F-11D3-BF4B-00C04F79EFBC}") = "SecondConsoleApplication", "SecondConsoleApplication\SecondConsoleApplication.csproj", "{709EA6A6-E095-4F90-9052-C5F017C262EC}"
EndProject
Project("{FAE04EC0-301F-11D3-BF4B-00C04F79EFBC}") = "3dApllicationReferenceTypes", "3dApllicationReferenceTypes\3dApllicationReferenceTypes.csproj", "{12EAAF07-702B-415A-839C-CCB2F015FD0D}"
EndProject
Project("{FAE04EC0-301F-11D3-BF4B-00C04F79EFBC}") = "CSharp483.Dados", "CSharp483.Dados\CSharp483.Dados.csproj", "{F6FD961B-24CC-4EDD-98B2-5EC7737EBA62}"
EndProject
Project("{FAE04EC0-301F-11D3-BF4B-00C04F79EFBC}") = "ConsoleAppData", "ConsoleAppData\ConsoleAppData.csproj", "{8DD50740-E4EC-4DEF-BB7E-C82781534B8B}"
EndProject
Global
	GlobalSection(SolutionConfigurationPlatforms) = preSolution
		Debug|Any CPU = Debug|Any CPU
		Release|Any CPU = Release|Any CPU
	EndGlobalSection
	GlobalSection(ProjectConfigurationPlatforms) = postSolution
		{712A7B67-B675-412D-9A43-A6B6986C3E3F}.Debug|Any CPU.ActiveCfg = Debug|Any CPU
		{712A7B67-B675-412D-9A43-A6B6986C3E3F}.Debug|Any CPU.Build.0 = Debug|Any CPU
		{712A7B67-B675-412D-9A43-A6B6986C3E3F}.Release|Any CPU.ActiveCfg = Release|Any CPU
		{712A7B67-B675-412D-9A43-A6B6986C3E3F}.Release|Any CPU.Build.0 = Release|Any CPU
		{709EA6A6-E095-4F90-9052-C5F017C262EC}.Debug|Any CPU.ActiveCfg = Debug|Any CPU
		{709EA6A6-E095-4F90-9052-C5F017C262EC}.Debug|Any CPU.Build.0 = Debug|Any CPU
		{709EA6A6-E095-4F90-9052-C5F017C262EC}.Release|Any CPU.ActiveCfg = Release|Any CPU
		{709EA6A6-E095-4F90-9052-C5F017C262EC}.Release|Any CPU.Build.0 = Release|Any CPU
		{12EAAF07-702B-415A-839C-CCB2F015FD0D}.Debug|Any CPU.ActiveCfg = Debug|Any CPU
		{12EAAF07-702B-415A-839C-CCB2F015FD0D}.Debug|Any CPU.Build.0 = Debug|Any CPU
		{12EAAF07-702B-415A-839C-CCB2F015FD0D}.Release|Any CPU.ActiveCfg = Release|Any CPU
		{12EAAF07-702B-415A-839C-CCB2F015FD0D}.Release|Any CPU.Build.0 = Release|Any CPU
		{F6FD961B-24CC-4EDD-98B2-5EC7737EBA62}.Debug|Any CPU.ActiveCfg = Debug|Any CPU
		{F6FD961B-24CC-4EDD-98B2-5EC7737EBA62}.Debug|Any CPU.Build.0 = Debug|Any CPU
		{F6FD961B-24CC-4EDD-98B2-5EC7737EBA62}.Release|Any CPU.ActiveCfg = Release|Any CPU
		{F6FD961B-24CC-4EDD-98B2-5EC7737EBA62}.Release|Any CPU.Build.0 = Release|Any CPU
		{8DD50740-E4EC-4DEF-BB7E-C82781534B8B}.Debug|Any CPU.ActiveCfg = Debug|Any CPU
		{8DD50740-E4EC-4DEF-BB7E-C82781534B8B}.Debug|Any CPU.Build.0 = Debug|Any CPU
		{8DD50740-E4EC-4DEF-BB7E-C82781534B8B}.Release|Any CPU.ActiveCfg = Release|Any CPU
		{8DD50740-E4EC-4DEF-BB7E-C82781534B8B}.Release|Any CPU.Build.0 = Release|Any CPU
	EndGlobalSection
	GlobalSection(SolutionProperties) = preSolution
		HideSolutionNode = FALSE
	EndGlobalSection
	GlobalSection(ExtensibilityGlobals) = postSolution
		SolutionGuid = {C8AD91A9-3DC4-4E96-9AF4-08D56D84071D}
	EndGlobalSection
EndGlobal
